// !$*UTF8*$!
{
	archiveVersion = 1;
	classes = {
	};
	objectVersion = 50;
	objects = {

/* Begin PBXBuildFile section */
		9277A16021FD725F009C5F11 /* md5.cpp in Sources */ = {isa = PBXBuildFile; fileRef = 9277A15421FD725F009C5F11 /* md5.cpp */; };
		9277A16121FD725F009C5F11 /* cproj_cpt.cpp in Sources */ = {isa = PBXBuildFile; fileRef = 9277A15521FD725F009C5F11 /* cproj_cpt.cpp */; };
		9277A16221FD725F009C5F11 /* main.cpp in Sources */ = {isa = PBXBuildFile; fileRef = 9277A15621FD725F009C5F11 /* main.cpp */; };
		9277A16521FD725F009C5F11 /* cmap.cpp in Sources */ = {isa = PBXBuildFile; fileRef = 9277A15921FD725F009C5F11 /* cmap.cpp */; };
		9277A16621FD725F009C5F11 /* cpart.cpp in Sources */ = {isa = PBXBuildFile; fileRef = 9277A15A21FD725F009C5F11 /* cpart.cpp */; };
		9277A16721FD725F009C5F11 /* memory.cpp in Sources */ = {isa = PBXBuildFile; fileRef = 9277A15B21FD725F009C5F11 /* memory.cpp */; };
		9277A16821FD725F009C5F11 /* clock.cpp in Sources */ = {isa = PBXBuildFile; fileRef = 9277A15C21FD725F009C5F11 /* clock.cpp */; };
		9277A18921FEB21D009C5F11 /* libsqlite3.dylib in Frameworks */ = {isa = PBXBuildFile; fileRef = 9277A18821FEB21D009C5F11 /* libsqlite3.dylib */; };
		9277A18C220076EE009C5F11 /* sql.cpp in Sources */ = {isa = PBXBuildFile; fileRef = 9277A18A220076EE009C5F11 /* sql.cpp */; };
		9277A190220079DB009C5F11 /* cproj_proj.cpp in Sources */ = {isa = PBXBuildFile; fileRef = 9277A18F220079DB009C5F11 /* cproj_proj.cpp */; };
/* End PBXBuildFile section */

/* Begin PBXCopyFilesBuildPhase section */
		9221D9E921EA5142007310A7 /* CopyFiles */ = {
			isa = PBXCopyFilesBuildPhase;
			buildActionMask = 2147483647;
			dstPath = /usr/share/man/man1/;
			dstSubfolderSpec = 0;
			files = (
			);
			runOnlyForDeploymentPostprocessing = 1;
		};
/* End PBXCopyFilesBuildPhase section */

/* Begin PBXFileReference section */
		9221D9EB21EA5142007310A7 /* Net */ = {isa = PBXFileReference; explicitFileType = "compiled.mach-o.executable"; includeInIndex = 0; path = Net; sourceTree = BUILT_PRODUCTS_DIR; };
		9221DA1621EB8C02007310A7 /* pcs.map */ = {isa = PBXFileReference; lastKnownFileType = "sourcecode.module-map"; name = pcs.map; path = build/Debug/PCS/pcs.map; sourceTree = "<group>"; };
		9277A14621FD7246009C5F11 /* cmap.h */ = {isa = PBXFileReference; lastKnownFileType = sourcecode.c.h; name = cmap.h; path = include/cmap.h; sourceTree = "<group>"; };
		9277A14721FD7246009C5F11 /* server.h */ = {isa = PBXFileReference; lastKnownFileType = sourcecode.c.h; name = server.h; path = include/server.h; sourceTree = "<group>"; };
		9277A14821FD7246009C5F11 /* net.h */ = {isa = PBXFileReference; lastKnownFileType = sourcecode.c.h; name = net.h; path = include/net.h; sourceTree = "<group>"; };
		9277A14921FD7246009C5F11 /* compute.h */ = {isa = PBXFileReference; lastKnownFileType = sourcecode.c.h; name = compute.h; path = include/compute.h; sourceTree = "<group>"; };
		9277A14A21FD7246009C5F11 /* cthread.h */ = {isa = PBXFileReference; lastKnownFileType = sourcecode.c.h; name = cthread.h; path = include/cthread.h; sourceTree = "<group>"; };
		9277A14B21FD7246009C5F11 /* cpart.h */ = {isa = PBXFileReference; lastKnownFileType = sourcecode.c.h; name = cpart.h; path = include/cpart.h; sourceTree = "<group>"; };
		9277A14C21FD7246009C5F11 /* clock.h */ = {isa = PBXFileReference; lastKnownFileType = sourcecode.c.h; name = clock.h; path = include/clock.h; sourceTree = "<group>"; };
		9277A14D21FD7246009C5F11 /* md5.h */ = {isa = PBXFileReference; lastKnownFileType = sourcecode.c.h; name = md5.h; path = include/md5.h; sourceTree = "<group>"; };
		9277A14E21FD7246009C5F11 /* memory.h */ = {isa = PBXFileReference; lastKnownFileType = sourcecode.c.h; name = memory.h; path = include/memory.h; sourceTree = "<group>"; };
		9277A14F21FD7246009C5F11 /* memory_type.h */ = {isa = PBXFileReference; lastKnownFileType = sourcecode.c.h; name = memory_type.h; path = include/memory_type.h; sourceTree = "<group>"; };
		9277A15021FD7246009C5F11 /* type.h */ = {isa = PBXFileReference; lastKnownFileType = sourcecode.c.h; name = type.h; path = include/type.h; sourceTree = "<group>"; };
		9277A15221FD725F009C5F11 /* addr.cpp */ = {isa = PBXFileReference; fileEncoding = 4; lastKnownFileType = sourcecode.cpp.cpp; name = addr.cpp; path = src/addr.cpp; sourceTree = "<group>"; };
		9277A15321FD725F009C5F11 /* socket.cpp */ = {isa = PBXFileReference; fileEncoding = 4; lastKnownFileType = sourcecode.cpp.cpp; name = socket.cpp; path = src/socket.cpp; sourceTree = "<group>"; };
		9277A15421FD725F009C5F11 /* md5.cpp */ = {isa = PBXFileReference; fileEncoding = 4; lastKnownFileType = sourcecode.cpp.cpp; name = md5.cpp; path = src/md5.cpp; sourceTree = "<group>"; };
		9277A15521FD725F009C5F11 /* cproj_cpt.cpp */ = {isa = PBXFileReference; fileEncoding = 4; lastKnownFileType = sourcecode.cpp.cpp; name = cproj_cpt.cpp; path = src/cproj_cpt.cpp; sourceTree = "<group>"; };
		9277A15621FD725F009C5F11 /* main.cpp */ = {isa = PBXFileReference; fileEncoding = 4; lastKnownFileType = sourcecode.cpp.cpp; name = main.cpp; path = src/main.cpp; sourceTree = "<group>"; };
		9277A15721FD725F009C5F11 /* cthread.cpp */ = {isa = PBXFileReference; fileEncoding = 4; lastKnownFileType = sourcecode.cpp.cpp; name = cthread.cpp; path = src/cthread.cpp; sourceTree = "<group>"; };
		9277A15821FD725F009C5F11 /* server.cpp */ = {isa = PBXFileReference; fileEncoding = 4; lastKnownFileType = sourcecode.cpp.cpp; name = server.cpp; path = src/server.cpp; sourceTree = "<group>"; };
		9277A15921FD725F009C5F11 /* cmap.cpp */ = {isa = PBXFileReference; fileEncoding = 4; lastKnownFileType = sourcecode.cpp.cpp; name = cmap.cpp; path = src/cmap.cpp; sourceTree = "<group>"; };
		9277A15A21FD725F009C5F11 /* cpart.cpp */ = {isa = PBXFileReference; fileEncoding = 4; lastKnownFileType = sourcecode.cpp.cpp; name = cpart.cpp; path = src/cpart.cpp; sourceTree = "<group>"; };
		9277A15B21FD725F009C5F11 /* memory.cpp */ = {isa = PBXFileReference; fileEncoding = 4; lastKnownFileType = sourcecode.cpp.cpp; name = memory.cpp; path = src/memory.cpp; sourceTree = "<group>"; };
		9277A15C21FD725F009C5F11 /* clock.cpp */ = {isa = PBXFileReference; fileEncoding = 4; lastKnownFileType = sourcecode.cpp.cpp; name = clock.cpp; path = src/clock.cpp; sourceTree = "<group>"; };
		9277A16A21FE034F009C5F11 /* a.cpp */ = {isa = PBXFileReference; fileEncoding = 4; lastKnownFileType = sourcecode.cpp.cpp; name = a.cpp; path = build/Debug/PCS/srcs/a.cpp; sourceTree = "<group>"; };
		9277A16C21FE0357009C5F11 /* da.cpp */ = {isa = PBXFileReference; fileEncoding = 4; lastKnownFileType = sourcecode.cpp.cpp; name = da.cpp; path = build/Debug/PCS/srcs/da.cpp; sourceTree = "<group>"; };
		9277A18821FEB21D009C5F11 /* libsqlite3.dylib */ = {isa = PBXFileReference; lastKnownFileType = "compiled.mach-o.dylib"; name = libsqlite3.dylib; path = build/Debug/Libraries/libsqlite3.dylib; sourceTree = "<group>"; };
		9277A18A220076EE009C5F11 /* sql.cpp */ = {isa = PBXFileReference; lastKnownFileType = sourcecode.cpp.cpp; name = sql.cpp; path = src/sql.cpp; sourceTree = "<group>"; };
		9277A18D22007758009C5F11 /* sql.h */ = {isa = PBXFileReference; lastKnownFileType = sourcecode.c.h; name = sql.h; path = include/sql.h; sourceTree = "<group>"; };
		9277A18E220077CC009C5F11 /* cproj.h */ = {isa = PBXFileReference; lastKnownFileType = sourcecode.c.h; name = cproj.h; path = include/cproj.h; sourceTree = "<group>"; };
		9277A18F220079DB009C5F11 /* cproj_proj.cpp */ = {isa = PBXFileReference; lastKnownFileType = sourcecode.cpp.cpp; name = cproj_proj.cpp; path = src/cproj_proj.cpp; sourceTree = "<group>"; };
/* End PBXFileReference section */

/* Begin PBXFrameworksBuildPhase section */
		9221D9E821EA5142007310A7 /* Frameworks */ = {
			isa = PBXFrameworksBuildPhase;
			buildActionMask = 2147483647;
			files = (
				9277A18921FEB21D009C5F11 /* libsqlite3.dylib in Frameworks */,
			);
			runOnlyForDeploymentPostprocessing = 0;
		};
/* End PBXFrameworksBuildPhase section */

/* Begin PBXGroup section */
		9221D9E221EA5142007310A7 = {
			isa = PBXGroup;
			children = (
				9221DA0E21EB5FAD007310A7 /* Net */,
				9221D9EC21EA5142007310A7 /* Products */,
				9277A18721FEB21D009C5F11 /* Frameworks */,
			);
			sourceTree = "<group>";
		};
		9221D9EC21EA5142007310A7 /* Products */ = {
			isa = PBXGroup;
			children = (
				9221D9EB21EA5142007310A7 /* Net */,
			);
			name = Products;
			sourceTree = "<group>";
		};
		9221DA0E21EB5FAD007310A7 /* Net */ = {
			isa = PBXGroup;
			children = (
				9277A16C21FE0357009C5F11 /* da.cpp */,
				9277A16A21FE034F009C5F11 /* a.cpp */,
				925A13AA21EC989500CBD427 /* include */,
				9277A15121FD724C009C5F11 /* src */,
				9221DA1621EB8C02007310A7 /* pcs.map */,
			);
			name = Net;
			sourceTree = "<group>";
		};
		925A13AA21EC989500CBD427 /* include */ = {
			isa = PBXGroup;
			children = (
				9277A18E220077CC009C5F11 /* cproj.h */,
				9277A18D22007758009C5F11 /* sql.h */,
				9277A14C21FD7246009C5F11 /* clock.h */,
				9277A14621FD7246009C5F11 /* cmap.h */,
				9277A14921FD7246009C5F11 /* compute.h */,
				9277A14B21FD7246009C5F11 /* cpart.h */,
				9277A14A21FD7246009C5F11 /* cthread.h */,
				9277A14D21FD7246009C5F11 /* md5.h */,
				9277A14F21FD7246009C5F11 /* memory_type.h */,
				9277A14E21FD7246009C5F11 /* memory.h */,
				9277A14821FD7246009C5F11 /* net.h */,
				9277A14721FD7246009C5F11 /* server.h */,
				9277A15021FD7246009C5F11 /* type.h */,
			);
			name = include;
			sourceTree = "<group>";
		};
		9277A15121FD724C009C5F11 /* src */ = {
			isa = PBXGroup;
			children = (
				9277A15221FD725F009C5F11 /* addr.cpp */,
				9277A15C21FD725F009C5F11 /* clock.cpp */,
				9277A15921FD725F009C5F11 /* cmap.cpp */,
				9277A15A21FD725F009C5F11 /* cpart.cpp */,
				9277A15521FD725F009C5F11 /* cproj_cpt.cpp */,
				9277A15721FD725F009C5F11 /* cthread.cpp */,
				9277A15621FD725F009C5F11 /* main.cpp */,
				9277A15421FD725F009C5F11 /* md5.cpp */,
				9277A15B21FD725F009C5F11 /* memory.cpp */,
				9277A15821FD725F009C5F11 /* server.cpp */,
				9277A15321FD725F009C5F11 /* socket.cpp */,
				9277A18A220076EE009C5F11 /* sql.cpp */,
				9277A18F220079DB009C5F11 /* cproj_proj.cpp */,
			);
			name = src;
			sourceTree = "<group>";
		};
		9277A18721FEB21D009C5F11 /* Frameworks */ = {
			isa = PBXGroup;
			children = (
				9277A18821FEB21D009C5F11 /* libsqlite3.dylib */,
			);
			name = Frameworks;
			sourceTree = "<group>";
		};
/* End PBXGroup section */

/* Begin PBXNativeTarget section */
		9221D9EA21EA5142007310A7 /* Net */ = {
			isa = PBXNativeTarget;
			buildConfigurationList = 9221D9F221EA5142007310A7 /* Build configuration list for PBXNativeTarget "Net" */;
			buildPhases = (
				9221D9E721EA5142007310A7 /* Sources */,
				9221D9E821EA5142007310A7 /* Frameworks */,
				9221D9E921EA5142007310A7 /* CopyFiles */,
			);
			buildRules = (
			);
			dependencies = (
			);
			name = Net;
			productName = Net;
			productReference = 9221D9EB21EA5142007310A7 /* Net */;
			productType = "com.apple.product-type.tool";
		};
/* End PBXNativeTarget section */

/* Begin PBXProject section */
		9221D9E321EA5142007310A7 /* Project object */ = {
			isa = PBXProject;
			attributes = {
				LastUpgradeCheck = 1010;
				ORGANIZATIONNAME = Bakantu;
				TargetAttributes = {
					9221D9EA21EA5142007310A7 = {
						CreatedOnToolsVersion = 10.1;
					};
				};
			};
			buildConfigurationList = 9221D9E621EA5142007310A7 /* Build configuration list for PBXProject "Net" */;
			compatibilityVersion = "Xcode 9.3";
			developmentRegion = en;
			hasScannedForEncodings = 0;
			knownRegions = (
				en,
			);
			mainGroup = 9221D9E221EA5142007310A7;
			productRefGroup = 9221D9EC21EA5142007310A7 /* Products */;
			projectDirPath = "";
			projectRoot = "";
			targets = (
				9221D9EA21EA5142007310A7 /* Net */,
			);
		};
/* End PBXProject section */

/* Begin PBXSourcesBuildPhase section */
		9221D9E721EA5142007310A7 /* Sources */ = {
			isa = PBXSourcesBuildPhase;
			buildActionMask = 2147483647;
			files = (
				9277A18C220076EE009C5F11 /* sql.cpp in Sources */,
				9277A16721FD725F009C5F11 /* memory.cpp in Sources */,
				9277A16821FD725F009C5F11 /* clock.cpp in Sources */,
				9277A16621FD725F009C5F11 /* cpart.cpp in Sources */,
				9277A16121FD725F009C5F11 /* cproj_cpt.cpp in Sources */,
				9277A190220079DB009C5F11 /* cproj_proj.cpp in Sources */,
				9277A16021FD725F009C5F11 /* md5.cpp in Sources */,
				9277A16521FD725F009C5F11 /* cmap.cpp in Sources */,
				9277A16221FD725F009C5F11 /* main.cpp in Sources */,
			);
			runOnlyForDeploymentPostprocessing = 0;
		};
/* End PBXSourcesBuildPhase section */

/* Begin XCBuildConfiguration section */
		9221D9F021EA5142007310A7 /* Debug */ = {
			isa = XCBuildConfiguration;
			buildSettings = {
				ALWAYS_SEARCH_USER_PATHS = NO;
				CLANG_ANALYZER_NONNULL = YES;
				CLANG_ANALYZER_NUMBER_OBJECT_CONVERSION = YES_AGGRESSIVE;
				CLANG_CXX_LANGUAGE_STANDARD = "gnu++14";
				CLANG_CXX_LIBRARY = "libc++";
				CLANG_ENABLE_MODULES = YES;
				CLANG_ENABLE_OBJC_ARC = YES;
				CLANG_ENABLE_OBJC_WEAK = YES;
				CLANG_WARN_BLOCK_CAPTURE_AUTORELEASING = YES;
				CLANG_WARN_BOOL_CONVERSION = YES;
				CLANG_WARN_COMMA = YES;
				CLANG_WARN_CONSTANT_CONVERSION = YES;
				CLANG_WARN_DEPRECATED_OBJC_IMPLEMENTATIONS = YES;
				CLANG_WARN_DIRECT_OBJC_ISA_USAGE = YES_ERROR;
				CLANG_WARN_DOCUMENTATION_COMMENTS = YES;
				CLANG_WARN_EMPTY_BODY = YES;
				CLANG_WARN_ENUM_CONVERSION = YES;
				CLANG_WARN_INFINITE_RECURSION = YES;
				CLANG_WARN_INT_CONVERSION = YES;
				CLANG_WARN_NON_LITERAL_NULL_CONVERSION = YES;
				CLANG_WARN_OBJC_IMPLICIT_RETAIN_SELF = YES;
				CLANG_WARN_OBJC_LITERAL_CONVERSION = YES;
				CLANG_WARN_OBJC_ROOT_CLASS = YES_ERROR;
				CLANG_WARN_RANGE_LOOP_ANALYSIS = YES;
				CLANG_WARN_STRICT_PROTOTYPES = YES;
				CLANG_WARN_SUSPICIOUS_MOVE = YES;
				CLANG_WARN_UNGUARDED_AVAILABILITY = YES_AGGRESSIVE;
				CLANG_WARN_UNREACHABLE_CODE = YES;
				CLANG_WARN__DUPLICATE_METHOD_MATCH = YES;
				CODE_SIGN_IDENTITY = "-";
				COPY_PHASE_STRIP = NO;
				DEBUG_INFORMATION_FORMAT = dwarf;
				ENABLE_STRICT_OBJC_MSGSEND = YES;
				ENABLE_TESTABILITY = YES;
				GCC_C_LANGUAGE_STANDARD = gnu11;
				GCC_DYNAMIC_NO_PIC = NO;
				GCC_NO_COMMON_BLOCKS = YES;
				GCC_OPTIMIZATION_LEVEL = 0;
				GCC_PREPROCESSOR_DEFINITIONS = (
					"DEBUG=1",
					"$(inherited)",
				);
				GCC_WARN_64_TO_32_BIT_CONVERSION = YES;
				GCC_WARN_ABOUT_RETURN_TYPE = YES_ERROR;
				GCC_WARN_UNDECLARED_SELECTOR = YES;
				GCC_WARN_UNINITIALIZED_AUTOS = YES_AGGRESSIVE;
				GCC_WARN_UNUSED_FUNCTION = YES;
				GCC_WARN_UNUSED_VARIABLE = YES;
				MACOSX_DEPLOYMENT_TARGET = 10.13;
				MTL_ENABLE_DEBUG_INFO = INCLUDE_SOURCE;
				MTL_FAST_MATH = YES;
				ONLY_ACTIVE_ARCH = YES;
				SDKROOT = macosx;
			};
			name = Debug;
		};
		9221D9F121EA5142007310A7 /* Release */ = {
			isa = XCBuildConfiguration;
			buildSettings = {
				ALWAYS_SEARCH_USER_PATHS = NO;
				CLANG_ANALYZER_NONNULL = YES;
				CLANG_ANALYZER_NUMBER_OBJECT_CONVERSION = YES_AGGRESSIVE;
				CLANG_CXX_LANGUAGE_STANDARD = "gnu++14";
				CLANG_CXX_LIBRARY = "libc++";
				CLANG_ENABLE_MODULES = YES;
				CLANG_ENABLE_OBJC_ARC = YES;
				CLANG_ENABLE_OBJC_WEAK = YES;
				CLANG_WARN_BLOCK_CAPTURE_AUTORELEASING = YES;
				CLANG_WARN_BOOL_CONVERSION = YES;
				CLANG_WARN_COMMA = YES;
				CLANG_WARN_CONSTANT_CONVERSION = YES;
				CLANG_WARN_DEPRECATED_OBJC_IMPLEMENTATIONS = YES;
				CLANG_WARN_DIRECT_OBJC_ISA_USAGE = YES_ERROR;
				CLANG_WARN_DOCUMENTATION_COMMENTS = YES;
				CLANG_WARN_EMPTY_BODY = YES;
				CLANG_WARN_ENUM_CONVERSION = YES;
				CLANG_WARN_INFINITE_RECURSION = YES;
				CLANG_WARN_INT_CONVERSION = YES;
				CLANG_WARN_NON_LITERAL_NULL_CONVERSION = YES;
				CLANG_WARN_OBJC_IMPLICIT_RETAIN_SELF = YES;
				CLANG_WARN_OBJC_LITERAL_CONVERSION = YES;
				CLANG_WARN_OBJC_ROOT_CLASS = YES_ERROR;
				CLANG_WARN_RANGE_LOOP_ANALYSIS = YES;
				CLANG_WARN_STRICT_PROTOTYPES = YES;
				CLANG_WARN_SUSPICIOUS_MOVE = YES;
				CLANG_WARN_UNGUARDED_AVAILABILITY = YES_AGGRESSIVE;
				CLANG_WARN_UNREACHABLE_CODE = YES;
				CLANG_WARN__DUPLICATE_METHOD_MATCH = YES;
				CODE_SIGN_IDENTITY = "-";
				COPY_PHASE_STRIP = NO;
				DEBUG_INFORMATION_FORMAT = "dwarf-with-dsym";
				ENABLE_NS_ASSERTIONS = NO;
				ENABLE_STRICT_OBJC_MSGSEND = YES;
				GCC_C_LANGUAGE_STANDARD = gnu11;
				GCC_NO_COMMON_BLOCKS = YES;
				GCC_WARN_64_TO_32_BIT_CONVERSION = YES;
				GCC_WARN_ABOUT_RETURN_TYPE = YES_ERROR;
				GCC_WARN_UNDECLARED_SELECTOR = YES;
				GCC_WARN_UNINITIALIZED_AUTOS = YES_AGGRESSIVE;
				GCC_WARN_UNUSED_FUNCTION = YES;
				GCC_WARN_UNUSED_VARIABLE = YES;
				MACOSX_DEPLOYMENT_TARGET = 10.13;
				MTL_ENABLE_DEBUG_INFO = NO;
				MTL_FAST_MATH = YES;
				SDKROOT = macosx;
			};
			name = Release;
		};
		9221D9F321EA5142007310A7 /* Debug */ = {
			isa = XCBuildConfiguration;
			buildSettings = {
				CODE_SIGN_STYLE = Automatic;
				HEADER_SEARCH_PATHS = "\"$(SRCROOT)/include\"";
				LIBRARY_SEARCH_PATHS = (
					"$(inherited)",
					"$(PROJECT_DIR)/build/Debug/Libraries",
				);
				PRODUCT_NAME = "$(TARGET_NAME)";
			};
			name = Debug;
		};
		9221D9F421EA5142007310A7 /* Release */ = {
			isa = XCBuildConfiguration;
			buildSettings = {
				CODE_SIGN_STYLE = Automatic;
				HEADER_SEARCH_PATHS = "\"$(SRCROOT)/include\"";
				LIBRARY_SEARCH_PATHS = (
					"$(inherited)",
					"$(PROJECT_DIR)/build/Debug/Libraries",
				);
				PRODUCT_NAME = "$(TARGET_NAME)";
			};
			name = Release;
		};
/* End XCBuildConfiguration section */

/* Begin XCConfigurationList section */
		9221D9E621EA5142007310A7 /* Build configuration list for PBXProject "Net" */ = {
			isa = XCConfigurationList;
			buildConfigurations = (
				9221D9F021EA5142007310A7 /* Debug */,
				9221D9F121EA5142007310A7 /* Release */,
			);
			defaultConfigurationIsVisible = 0;
			defaultConfigurationName = Release;
		};
		9221D9F221EA5142007310A7 /* Build configuration list for PBXNativeTarget "Net" */ = {
			isa = XCConfigurationList;
			buildConfigurations = (
				9221D9F321EA5142007310A7 /* Debug */,
				9221D9F421EA5142007310A7 /* Release */,
			);
			defaultConfigurationIsVisible = 0;
			defaultConfigurationName = Release;
		};
/* End XCConfigurationList section */
	};
	rootObject = 9221D9E321EA5142007310A7 /* Project object */;
}
